
Microsoft Visual Studio Solution File, Format Version 12.00
# Visual Studio Version 17
VisualStudioVersion = 17.9.34728.123
MinimumVisualStudioVersion = 10.0.40219.1
Project("{9A19103F-16F7-4668-BE54-9A1E7A4F7556}") = "talentz_api", "talentz_api.csproj", "{CD931AAC-140E-41CA-A64D-BB2EC9BFFF7C}"
EndProject
Project("{FAE04EC0-301F-11D3-BF4B-00C04F79EFBC}") = "TalentzTests", "..\TalentzTests\TalentzTests.csproj", "{C5D117D2-AFFE-41F2-B5E3-BCB300B757CA}"
EndProject
Global
	GlobalSection(SolutionConfigurationPlatforms) = preSolution
		Debug|Any CPU = Debug|Any CPU
		Release|Any CPU = Release|Any CPU
	EndGlobalSection
	GlobalSection(ProjectConfigurationPlatforms) = postSolution
		{CD931AAC-140E-41CA-A64D-BB2EC9BFFF7C}.Debug|Any CPU.ActiveCfg = Debug|Any CPU
		{CD931AAC-140E-41CA-A64D-BB2EC9BFFF7C}.Debug|Any CPU.Build.0 = Debug|Any CPU
		{CD931AAC-140E-41CA-A64D-BB2EC9BFFF7C}.Release|Any CPU.ActiveCfg = Release|Any CPU
		{CD931AAC-140E-41CA-A64D-BB2EC9BFFF7C}.Release|Any CPU.Build.0 = Release|Any CPU
		{C5D117D2-AFFE-41F2-B5E3-BCB300B757CA}.Debug|Any CPU.ActiveCfg = Debug|Any CPU
		{C5D117D2-AFFE-41F2-B5E3-BCB300B757CA}.Debug|Any CPU.Build.0 = Debug|Any CPU
		{C5D117D2-AFFE-41F2-B5E3-BCB300B757CA}.Release|Any CPU.ActiveCfg = Release|Any CPU
		{C5D117D2-AFFE-41F2-B5E3-BCB300B757CA}.Release|Any CPU.Build.0 = Release|Any CPU
	EndGlobalSection
	GlobalSection(SolutionProperties) = preSolution
		HideSolutionNode = FALSE
	EndGlobalSection
	GlobalSection(ExtensibilityGlobals) = postSolution
		SolutionGuid = {E24D57C4-7043-4447-998B-07ECE6DE383F}
	EndGlobalSection
EndGlobal
